// !$*UTF8*$!
{
	archiveVersion = 1;
	classes = {
	};
	objectVersion = 56;
	objects = {

/* Begin PBXBuildFile section */
		229FCA272ABBB30E00D07ABA /* SwiftInstagramApp.swift in Sources */ = {isa = PBXBuildFile; fileRef = 229FCA262ABBB30E00D07ABA /* SwiftInstagramApp.swift */; };
		229FCA292ABBB30E00D07ABA /* ContentView.swift in Sources */ = {isa = PBXBuildFile; fileRef = 229FCA282ABBB30E00D07ABA /* ContentView.swift */; };
		229FCA2B2ABBB30F00D07ABA /* Assets.xcassets in Resources */ = {isa = PBXBuildFile; fileRef = 229FCA2A2ABBB30F00D07ABA /* Assets.xcassets */; };
		229FCA2E2ABBB30F00D07ABA /* Preview Assets.xcassets in Resources */ = {isa = PBXBuildFile; fileRef = 229FCA2D2ABBB30F00D07ABA /* Preview Assets.xcassets */; };
		229FCA382ABBB31000D07ABA /* SwiftInstagramTests.swift in Sources */ = {isa = PBXBuildFile; fileRef = 229FCA372ABBB31000D07ABA /* SwiftInstagramTests.swift */; };
		229FCA422ABBB31000D07ABA /* SwiftInstagramUITests.swift in Sources */ = {isa = PBXBuildFile; fileRef = 229FCA412ABBB31000D07ABA /* SwiftInstagramUITests.swift */; };
		229FCA442ABBB31000D07ABA /* SwiftInstagramUITestsLaunchTests.swift in Sources */ = {isa = PBXBuildFile; fileRef = 229FCA432ABBB31000D07ABA /* SwiftInstagramUITestsLaunchTests.swift */; };
		229FCA622ABBB65600D07ABA /* MainTabView.swift in Sources */ = {isa = PBXBuildFile; fileRef = 229FCA612ABBB65600D07ABA /* MainTabView.swift */; };
		229FCA642ABBB74200D07ABA /* ProfileView.swift in Sources */ = {isa = PBXBuildFile; fileRef = 229FCA632ABBB74200D07ABA /* ProfileView.swift */; };
		229FCA692ABD141D00D07ABA /* StatView.swift in Sources */ = {isa = PBXBuildFile; fileRef = 229FCA682ABD141D00D07ABA /* StatView.swift */; };
		229FCA6B2ABD220E00D07ABA /* FeedView.swift in Sources */ = {isa = PBXBuildFile; fileRef = 229FCA6A2ABD220E00D07ABA /* FeedView.swift */; };
		229FCA6D2ABD221A00D07ABA /* FeedCell.swift in Sources */ = {isa = PBXBuildFile; fileRef = 229FCA6C2ABD221A00D07ABA /* FeedCell.swift */; };
		229FCA6F2AC114A100D07ABA /* SearchView.swift in Sources */ = {isa = PBXBuildFile; fileRef = 229FCA6E2AC114A100D07ABA /* SearchView.swift */; };
		229FCA712AC11BF300D07ABA /* LoginView.swift in Sources */ = {isa = PBXBuildFile; fileRef = 229FCA702AC11BF300D07ABA /* LoginView.swift */; };
/* End PBXBuildFile section */

/* Begin PBXContainerItemProxy section */
		229FCA342ABBB31000D07ABA /* PBXContainerItemProxy */ = {
			isa = PBXContainerItemProxy;
			containerPortal = 229FCA1B2ABBB30E00D07ABA /* Project object */;
			proxyType = 1;
			remoteGlobalIDString = 229FCA222ABBB30E00D07ABA;
			remoteInfo = SwiftInstagram;
		};
		229FCA3E2ABBB31000D07ABA /* PBXContainerItemProxy */ = {
			isa = PBXContainerItemProxy;
			containerPortal = 229FCA1B2ABBB30E00D07ABA /* Project object */;
			proxyType = 1;
			remoteGlobalIDString = 229FCA222ABBB30E00D07ABA;
			remoteInfo = SwiftInstagram;
		};
/* End PBXContainerItemProxy section */

/* Begin PBXFileReference section */
		229FCA232ABBB30E00D07ABA /* SwiftInstagram.app */ = {isa = PBXFileReference; explicitFileType = wrapper.application; includeInIndex = 0; path = SwiftInstagram.app; sourceTree = BUILT_PRODUCTS_DIR; };
		229FCA262ABBB30E00D07ABA /* SwiftInstagramApp.swift */ = {isa = PBXFileReference; lastKnownFileType = sourcecode.swift; path = SwiftInstagramApp.swift; sourceTree = "<group>"; };
		229FCA282ABBB30E00D07ABA /* ContentView.swift */ = {isa = PBXFileReference; lastKnownFileType = sourcecode.swift; path = ContentView.swift; sourceTree = "<group>"; };
		229FCA2A2ABBB30F00D07ABA /* Assets.xcassets */ = {isa = PBXFileReference; lastKnownFileType = folder.assetcatalog; path = Assets.xcassets; sourceTree = "<group>"; };
		229FCA2D2ABBB30F00D07ABA /* Preview Assets.xcassets */ = {isa = PBXFileReference; lastKnownFileType = folder.assetcatalog; path = "Preview Assets.xcassets"; sourceTree = "<group>"; };
		229FCA332ABBB31000D07ABA /* SwiftInstagramTests.xctest */ = {isa = PBXFileReference; explicitFileType = wrapper.cfbundle; includeInIndex = 0; path = SwiftInstagramTests.xctest; sourceTree = BUILT_PRODUCTS_DIR; };
		229FCA372ABBB31000D07ABA /* SwiftInstagramTests.swift */ = {isa = PBXFileReference; lastKnownFileType = sourcecode.swift; path = SwiftInstagramTests.swift; sourceTree = "<group>"; };
		229FCA3D2ABBB31000D07ABA /* SwiftInstagramUITests.xctest */ = {isa = PBXFileReference; explicitFileType = wrapper.cfbundle; includeInIndex = 0; path = SwiftInstagramUITests.xctest; sourceTree = BUILT_PRODUCTS_DIR; };
		229FCA412ABBB31000D07ABA /* SwiftInstagramUITests.swift */ = {isa = PBXFileReference; lastKnownFileType = sourcecode.swift; path = SwiftInstagramUITests.swift; sourceTree = "<group>"; };
		229FCA432ABBB31000D07ABA /* SwiftInstagramUITestsLaunchTests.swift */ = {isa = PBXFileReference; lastKnownFileType = sourcecode.swift; path = SwiftInstagramUITestsLaunchTests.swift; sourceTree = "<group>"; };
		229FCA612ABBB65600D07ABA /* MainTabView.swift */ = {isa = PBXFileReference; lastKnownFileType = sourcecode.swift; path = MainTabView.swift; sourceTree = "<group>"; };
		229FCA632ABBB74200D07ABA /* ProfileView.swift */ = {isa = PBXFileReference; lastKnownFileType = sourcecode.swift; path = ProfileView.swift; sourceTree = "<group>"; };
		229FCA682ABD141D00D07ABA /* StatView.swift */ = {isa = PBXFileReference; lastKnownFileType = sourcecode.swift; path = StatView.swift; sourceTree = "<group>"; };
		229FCA6A2ABD220E00D07ABA /* FeedView.swift */ = {isa = PBXFileReference; lastKnownFileType = sourcecode.swift; path = FeedView.swift; sourceTree = "<group>"; };
		229FCA6C2ABD221A00D07ABA /* FeedCell.swift */ = {isa = PBXFileReference; lastKnownFileType = sourcecode.swift; path = FeedCell.swift; sourceTree = "<group>"; };
		229FCA6E2AC114A100D07ABA /* SearchView.swift */ = {isa = PBXFileReference; lastKnownFileType = sourcecode.swift; path = SearchView.swift; sourceTree = "<group>"; };
		229FCA702AC11BF300D07ABA /* LoginView.swift */ = {isa = PBXFileReference; lastKnownFileType = sourcecode.swift; path = LoginView.swift; sourceTree = "<group>"; };
/* End PBXFileReference section */

/* Begin PBXFrameworksBuildPhase section */
		229FCA202ABBB30E00D07ABA /* Frameworks */ = {
			isa = PBXFrameworksBuildPhase;
			buildActionMask = 2147483647;
			files = (
			);
			runOnlyForDeploymentPostprocessing = 0;
		};
		229FCA302ABBB31000D07ABA /* Frameworks */ = {
			isa = PBXFrameworksBuildPhase;
			buildActionMask = 2147483647;
			files = (
			);
			runOnlyForDeploymentPostprocessing = 0;
		};
		229FCA3A2ABBB31000D07ABA /* Frameworks */ = {
			isa = PBXFrameworksBuildPhase;
			buildActionMask = 2147483647;
			files = (
			);
			runOnlyForDeploymentPostprocessing = 0;
		};
/* End PBXFrameworksBuildPhase section */

/* Begin PBXGroup section */
		229FCA1A2ABBB30E00D07ABA = {
			isa = PBXGroup;
			children = (
				229FCA252ABBB30E00D07ABA /* SwiftInstagram */,
				229FCA362ABBB31000D07ABA /* SwiftInstagramTests */,
				229FCA402ABBB31000D07ABA /* SwiftInstagramUITests */,
				229FCA242ABBB30E00D07ABA /* Products */,
			);
			sourceTree = "<group>";
		};
		229FCA242ABBB30E00D07ABA /* Products */ = {
			isa = PBXGroup;
			children = (
				229FCA232ABBB30E00D07ABA /* SwiftInstagram.app */,
				229FCA332ABBB31000D07ABA /* SwiftInstagramTests.xctest */,
				229FCA3D2ABBB31000D07ABA /* SwiftInstagramUITests.xctest */,
			);
			name = Products;
			sourceTree = "<group>";
		};
		229FCA252ABBB30E00D07ABA /* SwiftInstagram */ = {
			isa = PBXGroup;
			children = (
				229FCA542ABBB55E00D07ABA /* App */,
				229FCA592ABBB58700D07ABA /* Services */,
				229FCA582ABBB57E00D07ABA /* Core */,
				229FCA572ABBB57600D07ABA /* Extensions */,
				229FCA552ABBB56600D07ABA /* Model */,
				229FCA282ABBB30E00D07ABA /* ContentView.swift */,
				229FCA2A2ABBB30F00D07ABA /* Assets.xcassets */,
				229FCA2C2ABBB30F00D07ABA /* Preview Content */,
			);
			path = SwiftInstagram;
			sourceTree = "<group>";
		};
		229FCA2C2ABBB30F00D07ABA /* Preview Content */ = {
			isa = PBXGroup;
			children = (
				229FCA2D2ABBB30F00D07ABA /* Preview Assets.xcassets */,
			);
			path = "Preview Content";
			sourceTree = "<group>";
		};
		229FCA362ABBB31000D07ABA /* SwiftInstagramTests */ = {
			isa = PBXGroup;
			children = (
				229FCA372ABBB31000D07ABA /* SwiftInstagramTests.swift */,
			);
			path = SwiftInstagramTests;
			sourceTree = "<group>";
		};
		229FCA402ABBB31000D07ABA /* SwiftInstagramUITests */ = {
			isa = PBXGroup;
			children = (
				229FCA412ABBB31000D07ABA /* SwiftInstagramUITests.swift */,
				229FCA432ABBB31000D07ABA /* SwiftInstagramUITestsLaunchTests.swift */,
			);
			path = SwiftInstagramUITests;
			sourceTree = "<group>";
		};
		229FCA542ABBB55E00D07ABA /* App */ = {
			isa = PBXGroup;
			children = (
				229FCA262ABBB30E00D07ABA /* SwiftInstagramApp.swift */,
			);
			path = App;
			sourceTree = "<group>";
		};
		229FCA552ABBB56600D07ABA /* Model */ = {
			isa = PBXGroup;
			children = (
			);
			path = Model;
			sourceTree = "<group>";
		};
		229FCA572ABBB57600D07ABA /* Extensions */ = {
			isa = PBXGroup;
			children = (
			);
			path = Extensions;
			sourceTree = "<group>";
		};
		229FCA582ABBB57E00D07ABA /* Core */ = {
			isa = PBXGroup;
			children = (
				229FCA5A2ABBB5AB00D07ABA /* Authentication */,
				229FCA672ABD140900D07ABA /* Components */,
				229FCA5B2ABBB5B800D07ABA /* Feed */,
				229FCA5C2ABBB5C000D07ABA /* Profile */,
				229FCA5E2ABBB5D200D07ABA /* Search */,
				229FCA5F2ABBB60B00D07ABA /* TabBar */,
				229FCA5D2ABBB5C900D07ABA /* Root */,
				229FCA602ABBB61900D07ABA /* UploadPost */,
			);
			path = Core;
			sourceTree = "<group>";
		};
		229FCA592ABBB58700D07ABA /* Services */ = {
			isa = PBXGroup;
			children = (
			);
			path = Services;
			sourceTree = "<group>";
		};
		229FCA5A2ABBB5AB00D07ABA /* Authentication */ = {
			isa = PBXGroup;
			children = (
				229FCA702AC11BF300D07ABA /* LoginView.swift */,
			);
			path = Authentication;
			sourceTree = "<group>";
		};
		229FCA5B2ABBB5B800D07ABA /* Feed */ = {
			isa = PBXGroup;
			children = (
				229FCA6A2ABD220E00D07ABA /* FeedView.swift */,
				229FCA6C2ABD221A00D07ABA /* FeedCell.swift */,
			);
			path = Feed;
			sourceTree = "<group>";
		};
		229FCA5C2ABBB5C000D07ABA /* Profile */ = {
			isa = PBXGroup;
			children = (
				229FCA632ABBB74200D07ABA /* ProfileView.swift */,
			);
			path = Profile;
			sourceTree = "<group>";
		};
		229FCA5D2ABBB5C900D07ABA /* Root */ = {
			isa = PBXGroup;
			children = (
			);
			path = Root;
			sourceTree = "<group>";
		};
		229FCA5E2ABBB5D200D07ABA /* Search */ = {
			isa = PBXGroup;
			children = (
				229FCA6E2AC114A100D07ABA /* SearchView.swift */,
			);
			path = Search;
			sourceTree = "<group>";
		};
		229FCA5F2ABBB60B00D07ABA /* TabBar */ = {
			isa = PBXGroup;
			children = (
				229FCA612ABBB65600D07ABA /* MainTabView.swift */,
			);
			path = TabBar;
			sourceTree = "<group>";
		};
		229FCA602ABBB61900D07ABA /* UploadPost */ = {
			isa = PBXGroup;
			children = (
			);
			path = UploadPost;
			sourceTree = "<group>";
		};
		229FCA672ABD140900D07ABA /* Components */ = {
			isa = PBXGroup;
			children = (
				229FCA682ABD141D00D07ABA /* StatView.swift */,
			);
			path = Components;
			sourceTree = "<group>";
		};
/* End PBXGroup section */

/* Begin PBXNativeTarget section */
		229FCA222ABBB30E00D07ABA /* SwiftInstagram */ = {
			isa = PBXNativeTarget;
			buildConfigurationList = 229FCA472ABBB31000D07ABA /* Build configuration list for PBXNativeTarget "SwiftInstagram" */;
			buildPhases = (
				229FCA1F2ABBB30E00D07ABA /* Sources */,
				229FCA202ABBB30E00D07ABA /* Frameworks */,
				229FCA212ABBB30E00D07ABA /* Resources */,
			);
			buildRules = (
			);
			dependencies = (
			);
			name = SwiftInstagram;
			productName = SwiftInstagram;
			productReference = 229FCA232ABBB30E00D07ABA /* SwiftInstagram.app */;
			productType = "com.apple.product-type.application";
		};
		229FCA322ABBB31000D07ABA /* SwiftInstagramTests */ = {
			isa = PBXNativeTarget;
			buildConfigurationList = 229FCA4A2ABBB31000D07ABA /* Build configuration list for PBXNativeTarget "SwiftInstagramTests" */;
			buildPhases = (
				229FCA2F2ABBB31000D07ABA /* Sources */,
				229FCA302ABBB31000D07ABA /* Frameworks */,
				229FCA312ABBB31000D07ABA /* Resources */,
			);
			buildRules = (
			);
			dependencies = (
				229FCA352ABBB31000D07ABA /* PBXTargetDependency */,
			);
			name = SwiftInstagramTests;
			productName = SwiftInstagramTests;
			productReference = 229FCA332ABBB31000D07ABA /* SwiftInstagramTests.xctest */;
			productType = "com.apple.product-type.bundle.unit-test";
		};
		229FCA3C2ABBB31000D07ABA /* SwiftInstagramUITests */ = {
			isa = PBXNativeTarget;
			buildConfigurationList = 229FCA4D2ABBB31000D07ABA /* Build configuration list for PBXNativeTarget "SwiftInstagramUITests" */;
			buildPhases = (
				229FCA392ABBB31000D07ABA /* Sources */,
				229FCA3A2ABBB31000D07ABA /* Frameworks */,
				229FCA3B2ABBB31000D07ABA /* Resources */,
			);
			buildRules = (
			);
			dependencies = (
				229FCA3F2ABBB31000D07ABA /* PBXTargetDependency */,
			);
			name = SwiftInstagramUITests;
			productName = SwiftInstagramUITests;
			productReference = 229FCA3D2ABBB31000D07ABA /* SwiftInstagramUITests.xctest */;
			productType = "com.apple.product-type.bundle.ui-testing";
		};
/* End PBXNativeTarget section */

/* Begin PBXProject section */
		229FCA1B2ABBB30E00D07ABA /* Project object */ = {
			isa = PBXProject;
			attributes = {
				BuildIndependentTargetsInParallel = 1;
				LastSwiftUpdateCheck = 1430;
				LastUpgradeCheck = 1430;
				TargetAttributes = {
					229FCA222ABBB30E00D07ABA = {
						CreatedOnToolsVersion = 14.3;
					};
					229FCA322ABBB31000D07ABA = {
						CreatedOnToolsVersion = 14.3;
						TestTargetID = 229FCA222ABBB30E00D07ABA;
					};
					229FCA3C2ABBB31000D07ABA = {
						CreatedOnToolsVersion = 14.3;
						TestTargetID = 229FCA222ABBB30E00D07ABA;
					};
				};
			};
			buildConfigurationList = 229FCA1E2ABBB30E00D07ABA /* Build configuration list for PBXProject "SwiftInstagram" */;
			compatibilityVersion = "Xcode 14.0";
			developmentRegion = en;
			hasScannedForEncodings = 0;
			knownRegions = (
				en,
				Base,
			);
			mainGroup = 229FCA1A2ABBB30E00D07ABA;
			productRefGroup = 229FCA242ABBB30E00D07ABA /* Products */;
			projectDirPath = "";
			projectRoot = "";
			targets = (
				229FCA222ABBB30E00D07ABA /* SwiftInstagram */,
				229FCA322ABBB31000D07ABA /* SwiftInstagramTests */,
				229FCA3C2ABBB31000D07ABA /* SwiftInstagramUITests */,
			);
		};
/* End PBXProject section */

/* Begin PBXResourcesBuildPhase section */
		229FCA212ABBB30E00D07ABA /* Resources */ = {
			isa = PBXResourcesBuildPhase;
			buildActionMask = 2147483647;
			files = (
				229FCA2E2ABBB30F00D07ABA /* Preview Assets.xcassets in Resources */,
				229FCA2B2ABBB30F00D07ABA /* Assets.xcassets in Resources */,
			);
			runOnlyForDeploymentPostprocessing = 0;
		};
		229FCA312ABBB31000D07ABA /* Resources */ = {
			isa = PBXResourcesBuildPhase;
			buildActionMask = 2147483647;
			files = (
			);
			runOnlyForDeploymentPostprocessing = 0;
		};
		229FCA3B2ABBB31000D07ABA /* Resources */ = {
			isa = PBXResourcesBuildPhase;
			buildActionMask = 2147483647;
			files = (
			);
			runOnlyForDeploymentPostprocessing = 0;
		};
/* End PBXResourcesBuildPhase section */

/* Begin PBXSourcesBuildPhase section */
		229FCA1F2ABBB30E00D07ABA /* Sources */ = {
			isa = PBXSourcesBuildPhase;
			buildActionMask = 2147483647;
			files = (
				229FCA6D2ABD221A00D07ABA /* FeedCell.swift in Sources */,
				229FCA642ABBB74200D07ABA /* ProfileView.swift in Sources */,
				229FCA292ABBB30E00D07ABA /* ContentView.swift in Sources */,
				229FCA712AC11BF300D07ABA /* LoginView.swift in Sources */,
				229FCA692ABD141D00D07ABA /* StatView.swift in Sources */,
				229FCA6F2AC114A100D07ABA /* SearchView.swift in Sources */,
				229FCA272ABBB30E00D07ABA /* SwiftInstagramApp.swift in Sources */,
				229FCA6B2ABD220E00D07ABA /* FeedView.swift in Sources */,
				229FCA622ABBB65600D07ABA /* MainTabView.swift in Sources */,
			);
			runOnlyForDeploymentPostprocessing = 0;
		};
		229FCA2F2ABBB31000D07ABA /* Sources */ = {
			isa = PBXSourcesBuildPhase;
			buildActionMask = 2147483647;
			files = (
				229FCA382ABBB31000D07ABA /* SwiftInstagramTests.swift in Sources */,
			);
			runOnlyForDeploymentPostprocessing = 0;
		};
		229FCA392ABBB31000D07ABA /* Sources */ = {
			isa = PBXSourcesBuildPhase;
			buildActionMask = 2147483647;
			files = (
				229FCA422ABBB31000D07ABA /* SwiftInstagramUITests.swift in Sources */,
				229FCA442ABBB31000D07ABA /* SwiftInstagramUITestsLaunchTests.swift in Sources */,
			);
			runOnlyForDeploymentPostprocessing = 0;
		};
/* End PBXSourcesBuildPhase section */

/* Begin PBXTargetDependency section */
		229FCA352ABBB31000D07ABA /* PBXTargetDependency */ = {
			isa = PBXTargetDependency;
			target = 229FCA222ABBB30E00D07ABA /* SwiftInstagram */;
			targetProxy = 229FCA342ABBB31000D07ABA /* PBXContainerItemProxy */;
		};
		229FCA3F2ABBB31000D07ABA /* PBXTargetDependency */ = {
			isa = PBXTargetDependency;
			target = 229FCA222ABBB30E00D07ABA /* SwiftInstagram */;
			targetProxy = 229FCA3E2ABBB31000D07ABA /* PBXContainerItemProxy */;
		};
/* End PBXTargetDependency section */

/* Begin XCBuildConfiguration section */
		229FCA452ABBB31000D07ABA /* Debug */ = {
			isa = XCBuildConfiguration;
			buildSettings = {
				ALWAYS_SEARCH_USER_PATHS = NO;
				CLANG_ANALYZER_NONNULL = YES;
				CLANG_ANALYZER_NUMBER_OBJECT_CONVERSION = YES_AGGRESSIVE;
				CLANG_CXX_LANGUAGE_STANDARD = "gnu++20";
				CLANG_ENABLE_MODULES = YES;
				CLANG_ENABLE_OBJC_ARC = YES;
				CLANG_ENABLE_OBJC_WEAK = YES;
				CLANG_WARN_BLOCK_CAPTURE_AUTORELEASING = YES;
				CLANG_WARN_BOOL_CONVERSION = YES;
				CLANG_WARN_COMMA = YES;
				CLANG_WARN_CONSTANT_CONVERSION = YES;
				CLANG_WARN_DEPRECATED_OBJC_IMPLEMENTATIONS = YES;
				CLANG_WARN_DIRECT_OBJC_ISA_USAGE = YES_ERROR;
				CLANG_WARN_DOCUMENTATION_COMMENTS = YES;
				CLANG_WARN_EMPTY_BODY = YES;
				CLANG_WARN_ENUM_CONVERSION = YES;
				CLANG_WARN_INFINITE_RECURSION = YES;
				CLANG_WARN_INT_CONVERSION = YES;
				CLANG_WARN_NON_LITERAL_NULL_CONVERSION = YES;
				CLANG_WARN_OBJC_IMPLICIT_RETAIN_SELF = YES;
				CLANG_WARN_OBJC_LITERAL_CONVERSION = YES;
				CLANG_WARN_OBJC_ROOT_CLASS = YES_ERROR;
				CLANG_WARN_QUOTED_INCLUDE_IN_FRAMEWORK_HEADER = YES;
				CLANG_WARN_RANGE_LOOP_ANALYSIS = YES;
				CLANG_WARN_STRICT_PROTOTYPES = YES;
				CLANG_WARN_SUSPICIOUS_MOVE = YES;
				CLANG_WARN_UNGUARDED_AVAILABILITY = YES_AGGRESSIVE;
				CLANG_WARN_UNREACHABLE_CODE = YES;
				CLANG_WARN__DUPLICATE_METHOD_MATCH = YES;
				COPY_PHASE_STRIP = NO;
				DEBUG_INFORMATION_FORMAT = dwarf;
				ENABLE_STRICT_OBJC_MSGSEND = YES;
				ENABLE_TESTABILITY = YES;
				GCC_C_LANGUAGE_STANDARD = gnu11;
				GCC_DYNAMIC_NO_PIC = NO;
				GCC_NO_COMMON_BLOCKS = YES;
				GCC_OPTIMIZATION_LEVEL = 0;
				GCC_PREPROCESSOR_DEFINITIONS = (
					"DEBUG=1",
					"$(inherited)",
				);
				GCC_WARN_64_TO_32_BIT_CONVERSION = YES;
				GCC_WARN_ABOUT_RETURN_TYPE = YES_ERROR;
				GCC_WARN_UNDECLARED_SELECTOR = YES;
				GCC_WARN_UNINITIALIZED_AUTOS = YES_AGGRESSIVE;
				GCC_WARN_UNUSED_FUNCTION = YES;
				GCC_WARN_UNUSED_VARIABLE = YES;
				IPHONEOS_DEPLOYMENT_TARGET = 16.4;
				MTL_ENABLE_DEBUG_INFO = INCLUDE_SOURCE;
				MTL_FAST_MATH = YES;
				ONLY_ACTIVE_ARCH = YES;
				SDKROOT = iphoneos;
				SWIFT_ACTIVE_COMPILATION_CONDITIONS = DEBUG;
				SWIFT_OPTIMIZATION_LEVEL = "-Onone";
			};
			name = Debug;
		};
		229FCA462ABBB31000D07ABA /* Release */ = {
			isa = XCBuildConfiguration;
			buildSettings = {
				ALWAYS_SEARCH_USER_PATHS = NO;
				CLANG_ANALYZER_NONNULL = YES;
				CLANG_ANALYZER_NUMBER_OBJECT_CONVERSION = YES_AGGRESSIVE;
				CLANG_CXX_LANGUAGE_STANDARD = "gnu++20";
				CLANG_ENABLE_MODULES = YES;
				CLANG_ENABLE_OBJC_ARC = YES;
				CLANG_ENABLE_OBJC_WEAK = YES;
				CLANG_WARN_BLOCK_CAPTURE_AUTORELEASING = YES;
				CLANG_WARN_BOOL_CONVERSION = YES;
				CLANG_WARN_COMMA = YES;
				CLANG_WARN_CONSTANT_CONVERSION = YES;
				CLANG_WARN_DEPRECATED_OBJC_IMPLEMENTATIONS = YES;
				CLANG_WARN_DIRECT_OBJC_ISA_USAGE = YES_ERROR;
				CLANG_WARN_DOCUMENTATION_COMMENTS = YES;
				CLANG_WARN_EMPTY_BODY = YES;
				CLANG_WARN_ENUM_CONVERSION = YES;
				CLANG_WARN_INFINITE_RECURSION = YES;
				CLANG_WARN_INT_CONVERSION = YES;
				CLANG_WARN_NON_LITERAL_NULL_CONVERSION = YES;
				CLANG_WARN_OBJC_IMPLICIT_RETAIN_SELF = YES;
				CLANG_WARN_OBJC_LITERAL_CONVERSION = YES;
				CLANG_WARN_OBJC_ROOT_CLASS = YES_ERROR;
				CLANG_WARN_QUOTED_INCLUDE_IN_FRAMEWORK_HEADER = YES;
				CLANG_WARN_RANGE_LOOP_ANALYSIS = YES;
				CLANG_WARN_STRICT_PROTOTYPES = YES;
				CLANG_WARN_SUSPICIOUS_MOVE = YES;
				CLANG_WARN_UNGUARDED_AVAILABILITY = YES_AGGRESSIVE;
				CLANG_WARN_UNREACHABLE_CODE = YES;
				CLANG_WARN__DUPLICATE_METHOD_MATCH = YES;
				COPY_PHASE_STRIP = NO;
				DEBUG_INFORMATION_FORMAT = "dwarf-with-dsym";
				ENABLE_NS_ASSERTIONS = NO;
				ENABLE_STRICT_OBJC_MSGSEND = YES;
				GCC_C_LANGUAGE_STANDARD = gnu11;
				GCC_NO_COMMON_BLOCKS = YES;
				GCC_WARN_64_TO_32_BIT_CONVERSION = YES;
				GCC_WARN_ABOUT_RETURN_TYPE = YES_ERROR;
				GCC_WARN_UNDECLARED_SELECTOR = YES;
				GCC_WARN_UNINITIALIZED_AUTOS = YES_AGGRESSIVE;
				GCC_WARN_UNUSED_FUNCTION = YES;
				GCC_WARN_UNUSED_VARIABLE = YES;
				IPHONEOS_DEPLOYMENT_TARGET = 16.4;
				MTL_ENABLE_DEBUG_INFO = NO;
				MTL_FAST_MATH = YES;
				SDKROOT = iphoneos;
				SWIFT_COMPILATION_MODE = wholemodule;
				SWIFT_OPTIMIZATION_LEVEL = "-O";
				VALIDATE_PRODUCT = YES;
			};
			name = Release;
		};
		229FCA482ABBB31000D07ABA /* Debug */ = {
			isa = XCBuildConfiguration;
			buildSettings = {
				ASSETCATALOG_COMPILER_APPICON_NAME = AppIcon;
				ASSETCATALOG_COMPILER_GLOBAL_ACCENT_COLOR_NAME = AccentColor;
				CODE_SIGN_STYLE = Automatic;
				CURRENT_PROJECT_VERSION = 1;
				DEVELOPMENT_ASSET_PATHS = "\"SwiftInstagram/Preview Content\"";
				ENABLE_PREVIEWS = YES;
				GENERATE_INFOPLIST_FILE = YES;
				INFOPLIST_KEY_UIApplicationSceneManifest_Generation = YES;
				INFOPLIST_KEY_UIApplicationSupportsIndirectInputEvents = YES;
				INFOPLIST_KEY_UILaunchScreen_Generation = YES;
				INFOPLIST_KEY_UISupportedInterfaceOrientations_iPad = "UIInterfaceOrientationPortrait UIInterfaceOrientationPortraitUpsideDown UIInterfaceOrientationLandscapeLeft UIInterfaceOrientationLandscapeRight";
				INFOPLIST_KEY_UISupportedInterfaceOrientations_iPhone = "UIInterfaceOrientationPortrait UIInterfaceOrientationLandscapeLeft UIInterfaceOrientationLandscapeRight";
				LD_RUNPATH_SEARCH_PATHS = (
					"$(inherited)",
					"@executable_path/Frameworks",
				);
				MARKETING_VERSION = 1.0;
				PRODUCT_BUNDLE_IDENTIFIER = com.jimsweeney.SwiftInstagram;
				PRODUCT_NAME = "$(TARGET_NAME)";
				SWIFT_EMIT_LOC_STRINGS = YES;
				SWIFT_VERSION = 5.0;
				TARGETED_DEVICE_FAMILY = "1,2";
			};
			name = Debug;
		};
		229FCA492ABBB31000D07ABA /* Release */ = {
			isa = XCBuildConfiguration;
			buildSettings = {
				ASSETCATALOG_COMPILER_APPICON_NAME = AppIcon;
				ASSETCATALOG_COMPILER_GLOBAL_ACCENT_COLOR_NAME = AccentColor;
				CODE_SIGN_STYLE = Automatic;
				CURRENT_PROJECT_VERSION = 1;
				DEVELOPMENT_ASSET_PATHS = "\"SwiftInstagram/Preview Content\"";
				ENABLE_PREVIEWS = YES;
				GENERATE_INFOPLIST_FILE = YES;
				INFOPLIST_KEY_UIApplicationSceneManifest_Generation = YES;
				INFOPLIST_KEY_UIApplicationSupportsIndirectInputEvents = YES;
				INFOPLIST_KEY_UILaunchScreen_Generation = YES;
				INFOPLIST_KEY_UISupportedInterfaceOrientations_iPad = "UIInterfaceOrientationPortrait UIInterfaceOrientationPortraitUpsideDown UIInterfaceOrientationLandscapeLeft UIInterfaceOrientationLandscapeRight";
				INFOPLIST_KEY_UISupportedInterfaceOrientations_iPhone = "UIInterfaceOrientationPortrait UIInterfaceOrientationLandscapeLeft UIInterfaceOrientationLandscapeRight";
				LD_RUNPATH_SEARCH_PATHS = (
					"$(inherited)",
					"@executable_path/Frameworks",
				);
				MARKETING_VERSION = 1.0;
				PRODUCT_BUNDLE_IDENTIFIER = com.jimsweeney.SwiftInstagram;
				PRODUCT_NAME = "$(TARGET_NAME)";
				SWIFT_EMIT_LOC_STRINGS = YES;
				SWIFT_VERSION = 5.0;
				TARGETED_DEVICE_FAMILY = "1,2";
			};
			name = Release;
		};
		229FCA4B2ABBB31000D07ABA /* Debug */ = {
			isa = XCBuildConfiguration;
			buildSettings = {
				ALWAYS_EMBED_SWIFT_STANDARD_LIBRARIES = YES;
				BUNDLE_LOADER = "$(TEST_HOST)";
				CODE_SIGN_STYLE = Automatic;
				CURRENT_PROJECT_VERSION = 1;
				GENERATE_INFOPLIST_FILE = YES;
				IPHONEOS_DEPLOYMENT_TARGET = 16.4;
				MARKETING_VERSION = 1.0;
				PRODUCT_BUNDLE_IDENTIFIER = com.jimsweeney.SwiftInstagramTests;
				PRODUCT_NAME = "$(TARGET_NAME)";
				SWIFT_EMIT_LOC_STRINGS = NO;
				SWIFT_VERSION = 5.0;
				TARGETED_DEVICE_FAMILY = "1,2";
				TEST_HOST = "$(BUILT_PRODUCTS_DIR)/SwiftInstagram.app/$(BUNDLE_EXECUTABLE_FOLDER_PATH)/SwiftInstagram";
			};
			name = Debug;
		};
		229FCA4C2ABBB31000D07ABA /* Release */ = {
			isa = XCBuildConfiguration;
			buildSettings = {
				ALWAYS_EMBED_SWIFT_STANDARD_LIBRARIES = YES;
				BUNDLE_LOADER = "$(TEST_HOST)";
				CODE_SIGN_STYLE = Automatic;
				CURRENT_PROJECT_VERSION = 1;
				GENERATE_INFOPLIST_FILE = YES;
				IPHONEOS_DEPLOYMENT_TARGET = 16.4;
				MARKETING_VERSION = 1.0;
				PRODUCT_BUNDLE_IDENTIFIER = com.jimsweeney.SwiftInstagramTests;
				PRODUCT_NAME = "$(TARGET_NAME)";
				SWIFT_EMIT_LOC_STRINGS = NO;
				SWIFT_VERSION = 5.0;
				TARGETED_DEVICE_FAMILY = "1,2";
				TEST_HOST = "$(BUILT_PRODUCTS_DIR)/SwiftInstagram.app/$(BUNDLE_EXECUTABLE_FOLDER_PATH)/SwiftInstagram";
			};
			name = Release;
		};
		229FCA4E2ABBB31000D07ABA /* Debug */ = {
			isa = XCBuildConfiguration;
			buildSettings = {
				ALWAYS_EMBED_SWIFT_STANDARD_LIBRARIES = YES;
				CODE_SIGN_STYLE = Automatic;
				CURRENT_PROJECT_VERSION = 1;
				GENERATE_INFOPLIST_FILE = YES;
				MARKETING_VERSION = 1.0;
				PRODUCT_BUNDLE_IDENTIFIER = com.jimsweeney.SwiftInstagramUITests;
				PRODUCT_NAME = "$(TARGET_NAME)";
				SWIFT_EMIT_LOC_STRINGS = NO;
				SWIFT_VERSION = 5.0;
				TARGETED_DEVICE_FAMILY = "1,2";
				TEST_TARGET_NAME = SwiftInstagram;
			};
			name = Debug;
		};
		229FCA4F2ABBB31000D07ABA /* Release */ = {
			isa = XCBuildConfiguration;
			buildSettings = {
				ALWAYS_EMBED_SWIFT_STANDARD_LIBRARIES = YES;
				CODE_SIGN_STYLE = Automatic;
				CURRENT_PROJECT_VERSION = 1;
				GENERATE_INFOPLIST_FILE = YES;
				MARKETING_VERSION = 1.0;
				PRODUCT_BUNDLE_IDENTIFIER = com.jimsweeney.SwiftInstagramUITests;
				PRODUCT_NAME = "$(TARGET_NAME)";
				SWIFT_EMIT_LOC_STRINGS = NO;
				SWIFT_VERSION = 5.0;
				TARGETED_DEVICE_FAMILY = "1,2";
				TEST_TARGET_NAME = SwiftInstagram;
			};
			name = Release;
		};
/* End XCBuildConfiguration section */

/* Begin XCConfigurationList section */
		229FCA1E2ABBB30E00D07ABA /* Build configuration list for PBXProject "SwiftInstagram" */ = {
			isa = XCConfigurationList;
			buildConfigurations = (
				229FCA452ABBB31000D07ABA /* Debug */,
				229FCA462ABBB31000D07ABA /* Release */,
			);
			defaultConfigurationIsVisible = 0;
			defaultConfigurationName = Release;
		};
		229FCA472ABBB31000D07ABA /* Build configuration list for PBXNativeTarget "SwiftInstagram" */ = {
			isa = XCConfigurationList;
			buildConfigurations = (
				229FCA482ABBB31000D07ABA /* Debug */,
				229FCA492ABBB31000D07ABA /* Release */,
			);
			defaultConfigurationIsVisible = 0;
			defaultConfigurationName = Release;
		};
		229FCA4A2ABBB31000D07ABA /* Build configuration list for PBXNativeTarget "SwiftInstagramTests" */ = {
			isa = XCConfigurationList;
			buildConfigurations = (
				229FCA4B2ABBB31000D07ABA /* Debug */,
				229FCA4C2ABBB31000D07ABA /* Release */,
			);
			defaultConfigurationIsVisible = 0;
			defaultConfigurationName = Release;
		};
		229FCA4D2ABBB31000D07ABA /* Build configuration list for PBXNativeTarget "SwiftInstagramUITests" */ = {
			isa = XCConfigurationList;
			buildConfigurations = (
				229FCA4E2ABBB31000D07ABA /* Debug */,
				229FCA4F2ABBB31000D07ABA /* Release */,
			);
			defaultConfigurationIsVisible = 0;
			defaultConfigurationName = Release;
		};
/* End XCConfigurationList section */
	};
	rootObject = 229FCA1B2ABBB30E00D07ABA /* Project object */;
}
